
Microsoft Visual Studio Solution File, Format Version 12.00
# Visual Studio 15
Project("{FAE04EC0-301F-11D3-BF4B-00C04F79EFBC}") = "Assembly-CSharp", "Assembly-CSharp.csproj", "{FDB33706-230D-81B9-DA28-D97C627A7179}"
EndProject
Project("{FAE04EC0-301F-11D3-BF4B-00C04F79EFBC}") = "Assembly-CSharp-Editor", "Assembly-CSharp-Editor.csproj", "{D543983A-3F91-74A6-A67D-27C66BDF6077}"
EndProject
Global
	GlobalSection(SolutionConfigurationPlatforms) = preSolution
		Debug|Any CPU = Debug|Any CPU
		Release|Any CPU = Release|Any CPU
	EndGlobalSection
	GlobalSection(ProjectConfigurationPlatforms) = postSolution
		{FDB33706-230D-81B9-DA28-D97C627A7179}.Debug|Any CPU.ActiveCfg = Debug|Any CPU
		{FDB33706-230D-81B9-DA28-D97C627A7179}.Debug|Any CPU.Build.0 = Debug|Any CPU
		{FDB33706-230D-81B9-DA28-D97C627A7179}.Release|Any CPU.ActiveCfg = Release|Any CPU
		{FDB33706-230D-81B9-DA28-D97C627A7179}.Release|Any CPU.Build.0 = Release|Any CPU
		{D543983A-3F91-74A6-A67D-27C66BDF6077}.Debug|Any CPU.ActiveCfg = Debug|Any CPU
		{D543983A-3F91-74A6-A67D-27C66BDF6077}.Debug|Any CPU.Build.0 = Debug|Any CPU
		{D543983A-3F91-74A6-A67D-27C66BDF6077}.Release|Any CPU.ActiveCfg = Release|Any CPU
		{D543983A-3F91-74A6-A67D-27C66BDF6077}.Release|Any CPU.Build.0 = Release|Any CPU
	EndGlobalSection
	GlobalSection(SolutionProperties) = preSolution
		HideSolutionNode = FALSE
	EndGlobalSection
EndGlobal
